
Microsoft Visual Studio Solution File, Format Version 12.00
# Visual Studio 14
VisualStudioVersion = 14.0.25123.0
MinimumVisualStudioVersion = 10.0.40219.1
Project("{E71F55FE-4BDA-4D04-A698-F378C4E02F4B}") = "Sitecore.Support.202620", "Sitecore.Support.202620\Sitecore.Support.202620.csproj", "{1C2C1EAA-E827-4749-AA27-102C2843AF01}"
EndProject
Global
	GlobalSection(SolutionConfigurationPlatforms) = preSolution
		Debug|Any CPU = Debug|Any CPU
		Release|Any CPU = Release|Any CPU
	EndGlobalSection
	GlobalSection(ProjectConfigurationPlatforms) = postSolution
		{1C2C1EAA-E827-4749-AA27-102C2843AF01}.Debug|Any CPU.ActiveCfg = Debug|Any CPU
		{1C2C1EAA-E827-4749-AA27-102C2843AF01}.Debug|Any CPU.Build.0 = Debug|Any CPU
		{1C2C1EAA-E827-4749-AA27-102C2843AF01}.Release|Any CPU.ActiveCfg = Release|Any CPU
		{1C2C1EAA-E827-4749-AA27-102C2843AF01}.Release|Any CPU.Build.0 = Release|Any CPU
	EndGlobalSection
	GlobalSection(SolutionProperties) = preSolution
		HideSolutionNode = FALSE
	EndGlobalSection
EndGlobal
